
Microsoft Visual Studio Solution File, Format Version 12.00
# Visual Studio Version 17
VisualStudioVersion = 17.13.35818.85
MinimumVisualStudioVersion = 10.0.40219.1
Project("{FAE04EC0-301F-11D3-BF4B-00C04F79EFBC}") = "Fuxion.Ali.API", "Fuxion.Ali.API\Fuxion.Ali.API.csproj", "{B4788AA2-BB50-4E74-851A-1323F2EFEC0B}"
EndProject
Project("{FAE04EC0-301F-11D3-BF4B-00C04F79EFBC}") = "Fuxion.Ali.Domain", "Fuxion.Ali.Domain\Fuxion.Ali.Domain.csproj", "{9982CE89-8BBA-4248-B760-097423749AA9}"
EndProject
Project("{FAE04EC0-301F-11D3-BF4B-00C04F79EFBC}") = "Fuxion.Ali.Infrastructure", "Fuxion.Ali.Infrastructure\Fuxion.Ali.Infrastructure.csproj", "{62EA59AB-884F-4BAD-8003-95AF6A31A284}"
EndProject
Project("{FAE04EC0-301F-11D3-BF4B-00C04F79EFBC}") = "Fuxion.Ali.Application", "Fuxion.Ali.Application\Fuxion.Ali.Application.csproj", "{14EB82F9-3AD7-45F2-9FBC-FAC479F4F58C}"
EndProject
Global
	GlobalSection(SolutionConfigurationPlatforms) = preSolution
		Debug|Any CPU = Debug|Any CPU
		Release|Any CPU = Release|Any CPU
	EndGlobalSection
	GlobalSection(ProjectConfigurationPlatforms) = postSolution
		{B4788AA2-BB50-4E74-851A-1323F2EFEC0B}.Debug|Any CPU.ActiveCfg = Debug|Any CPU
		{B4788AA2-BB50-4E74-851A-1323F2EFEC0B}.Debug|Any CPU.Build.0 = Debug|Any CPU
		{B4788AA2-BB50-4E74-851A-1323F2EFEC0B}.Release|Any CPU.ActiveCfg = Release|Any CPU
		{B4788AA2-BB50-4E74-851A-1323F2EFEC0B}.Release|Any CPU.Build.0 = Release|Any CPU
		{9982CE89-8BBA-4248-B760-097423749AA9}.Debug|Any CPU.ActiveCfg = Debug|Any CPU
		{9982CE89-8BBA-4248-B760-097423749AA9}.Debug|Any CPU.Build.0 = Debug|Any CPU
		{9982CE89-8BBA-4248-B760-097423749AA9}.Release|Any CPU.ActiveCfg = Release|Any CPU
		{9982CE89-8BBA-4248-B760-097423749AA9}.Release|Any CPU.Build.0 = Release|Any CPU
		{62EA59AB-884F-4BAD-8003-95AF6A31A284}.Debug|Any CPU.ActiveCfg = Debug|Any CPU
		{62EA59AB-884F-4BAD-8003-95AF6A31A284}.Debug|Any CPU.Build.0 = Debug|Any CPU
		{62EA59AB-884F-4BAD-8003-95AF6A31A284}.Release|Any CPU.ActiveCfg = Release|Any CPU
		{62EA59AB-884F-4BAD-8003-95AF6A31A284}.Release|Any CPU.Build.0 = Release|Any CPU
		{14EB82F9-3AD7-45F2-9FBC-FAC479F4F58C}.Debug|Any CPU.ActiveCfg = Debug|Any CPU
		{14EB82F9-3AD7-45F2-9FBC-FAC479F4F58C}.Debug|Any CPU.Build.0 = Debug|Any CPU
		{14EB82F9-3AD7-45F2-9FBC-FAC479F4F58C}.Release|Any CPU.ActiveCfg = Release|Any CPU
		{14EB82F9-3AD7-45F2-9FBC-FAC479F4F58C}.Release|Any CPU.Build.0 = Release|Any CPU
	EndGlobalSection
	GlobalSection(SolutionProperties) = preSolution
		HideSolutionNode = FALSE
	EndGlobalSection
	GlobalSection(ExtensibilityGlobals) = postSolution
		SolutionGuid = {146F322A-CE28-4663-976E-DF86D753CE7E}
	EndGlobalSection
EndGlobal
